
Microsoft Visual Studio Solution File, Format Version 12.00
# Visual Studio 15
VisualStudioVersion = 15.0.28307.1525
MinimumVisualStudioVersion = 10.0.40219.1
Project("{FAE04EC0-301F-11D3-BF4B-00C04F79EFBC}") = "CRUDWebApplication1", "CRUDWebApplication1\CRUDWebApplication1.csproj", "{D482C1AF-4362-411D-999F-9D8C361099B9}"
EndProject
Project("{2150E333-8FDC-42A3-9474-1A3956D46DE8}") = "NewFolder1", "NewFolder1", "{BB490729-2A8E-42A7-ABA2-2D4193812B30}"
EndProject
Global
	GlobalSection(SolutionConfigurationPlatforms) = preSolution
		Debug|Any CPU = Debug|Any CPU
		Release|Any CPU = Release|Any CPU
	EndGlobalSection
	GlobalSection(ProjectConfigurationPlatforms) = postSolution
		{D482C1AF-4362-411D-999F-9D8C361099B9}.Debug|Any CPU.ActiveCfg = Debug|Any CPU
		{D482C1AF-4362-411D-999F-9D8C361099B9}.Debug|Any CPU.Build.0 = Debug|Any CPU
		{D482C1AF-4362-411D-999F-9D8C361099B9}.Release|Any CPU.ActiveCfg = Release|Any CPU
		{D482C1AF-4362-411D-999F-9D8C361099B9}.Release|Any CPU.Build.0 = Release|Any CPU
	EndGlobalSection
	GlobalSection(SolutionProperties) = preSolution
		HideSolutionNode = FALSE
	EndGlobalSection
	GlobalSection(ExtensibilityGlobals) = postSolution
		SolutionGuid = {63EC204E-4E72-44EF-B9AD-575DEDD93A26}
	EndGlobalSection
EndGlobal
